
Microsoft Visual Studio Solution File, Format Version 12.00
# Visual Studio Version 16
VisualStudioVersion = 16.0.32126.315
MinimumVisualStudioVersion = 10.0.40219.1
Project("{FAE04EC0-301F-11D3-BF4B-00C04F79EFBC}") = "KonusarakOgren.Web", "KonusarakOgren.Web\KonusarakOgren.Web.csproj", "{A9E8BA61-C8F1-4B37-91EB-D0492661A7C5}"
EndProject
Project("{FAE04EC0-301F-11D3-BF4B-00C04F79EFBC}") = "KonusarakOgren.Data", "KonusarakOgren.Data\KonusarakOgren.Data.csproj", "{7545826F-AFDB-40D7-B66B-590404230E4C}"
EndProject
Project("{FAE04EC0-301F-11D3-BF4B-00C04F79EFBC}") = "KonusarakOgren.Entity", "KonusarakOgren.Entity\KonusarakOgren.Entity.csproj", "{23FA8B6A-AB18-41B9-A9D6-F9D2318B28EE}"
EndProject
Project("{FAE04EC0-301F-11D3-BF4B-00C04F79EFBC}") = "KonusrakOgren.Service", "KonusrakOgren.Service\KonusrakOgren.Service.csproj", "{5CA12237-7F66-4CF0-A585-B1A47585E222}"
EndProject
Global
	GlobalSection(SolutionConfigurationPlatforms) = preSolution
		Debug|Any CPU = Debug|Any CPU
		Release|Any CPU = Release|Any CPU
	EndGlobalSection
	GlobalSection(ProjectConfigurationPlatforms) = postSolution
		{A9E8BA61-C8F1-4B37-91EB-D0492661A7C5}.Debug|Any CPU.ActiveCfg = Debug|Any CPU
		{A9E8BA61-C8F1-4B37-91EB-D0492661A7C5}.Debug|Any CPU.Build.0 = Debug|Any CPU
		{A9E8BA61-C8F1-4B37-91EB-D0492661A7C5}.Release|Any CPU.ActiveCfg = Release|Any CPU
		{A9E8BA61-C8F1-4B37-91EB-D0492661A7C5}.Release|Any CPU.Build.0 = Release|Any CPU
		{7545826F-AFDB-40D7-B66B-590404230E4C}.Debug|Any CPU.ActiveCfg = Debug|Any CPU
		{7545826F-AFDB-40D7-B66B-590404230E4C}.Debug|Any CPU.Build.0 = Debug|Any CPU
		{7545826F-AFDB-40D7-B66B-590404230E4C}.Release|Any CPU.ActiveCfg = Release|Any CPU
		{7545826F-AFDB-40D7-B66B-590404230E4C}.Release|Any CPU.Build.0 = Release|Any CPU
		{23FA8B6A-AB18-41B9-A9D6-F9D2318B28EE}.Debug|Any CPU.ActiveCfg = Debug|Any CPU
		{23FA8B6A-AB18-41B9-A9D6-F9D2318B28EE}.Debug|Any CPU.Build.0 = Debug|Any CPU
		{23FA8B6A-AB18-41B9-A9D6-F9D2318B28EE}.Release|Any CPU.ActiveCfg = Release|Any CPU
		{23FA8B6A-AB18-41B9-A9D6-F9D2318B28EE}.Release|Any CPU.Build.0 = Release|Any CPU
		{5CA12237-7F66-4CF0-A585-B1A47585E222}.Debug|Any CPU.ActiveCfg = Debug|Any CPU
		{5CA12237-7F66-4CF0-A585-B1A47585E222}.Debug|Any CPU.Build.0 = Debug|Any CPU
		{5CA12237-7F66-4CF0-A585-B1A47585E222}.Release|Any CPU.ActiveCfg = Release|Any CPU
		{5CA12237-7F66-4CF0-A585-B1A47585E222}.Release|Any CPU.Build.0 = Release|Any CPU
	EndGlobalSection
	GlobalSection(SolutionProperties) = preSolution
		HideSolutionNode = FALSE
	EndGlobalSection
	GlobalSection(ExtensibilityGlobals) = postSolution
		SolutionGuid = {F9EF34E0-2A26-497F-98D7-E641CDD3E947}
	EndGlobalSection
EndGlobal
